
Microsoft Visual Studio Solution File, Format Version 12.00
# Visual Studio Version 17
VisualStudioVersion = 17.0.31611.283
MinimumVisualStudioVersion = 10.0.40219.1
Project("{1BBDA971-106C-4E52-8038-63E356668D01}") = "MauiApp1", "MauiApp1.csproj", "{03508919-06AD-44F7-A6BA-A3486E9D3E9B}"
EndProject
Global
	GlobalSection(SolutionConfigurationPlatforms) = preSolution
		Debug|Any CPU = Debug|Any CPU
		Release|Any CPU = Release|Any CPU
	EndGlobalSection
	GlobalSection(ProjectConfigurationPlatforms) = postSolution
		{03508919-06AD-44F7-A6BA-A3486E9D3E9B}.Debug|Any CPU.ActiveCfg = Debug|Any CPU
		{03508919-06AD-44F7-A6BA-A3486E9D3E9B}.Debug|Any CPU.Build.0 = Debug|Any CPU
		{03508919-06AD-44F7-A6BA-A3486E9D3E9B}.Debug|Any CPU.Deploy.0 = Debug|Any CPU
		{03508919-06AD-44F7-A6BA-A3486E9D3E9B}.Release|Any CPU.ActiveCfg = Release|Any CPU
		{03508919-06AD-44F7-A6BA-A3486E9D3E9B}.Release|Any CPU.Build.0 = Release|Any CPU
		{03508919-06AD-44F7-A6BA-A3486E9D3E9B}.Release|Any CPU.Deploy.0 = Release|Any CPU
	EndGlobalSection
	GlobalSection(SolutionProperties) = preSolution
		HideSolutionNode = FALSE
	EndGlobalSection
	GlobalSection(ExtensibilityGlobals) = postSolution
		        SolutionGuid = {FAD3DC59-8720-4595-B274-00E9D616AD57}
	EndGlobalSection
EndGlobal
